
Microsoft Visual Studio Solution File, Format Version 12.00
# Visual Studio Version 16
VisualStudioVersion = 16.0.809.8
MinimumVisualStudioVersion = 10.0.40219.1
Project("{FAE04EC0-301F-11D3-BF4B-00C04F79EFBC}") = "HeromaVgrIcalSubscription", "HeromaVgrIcalSubscription\HeromaVgrIcalSubscription.csproj", "{E4CB35FC-DC87-4DE8-BBA2-4A75BEF6C41F}"
EndProject
Global
	GlobalSection(SolutionConfigurationPlatforms) = preSolution
		Debug|Any CPU = Debug|Any CPU
		Release|Any CPU = Release|Any CPU
	EndGlobalSection
	GlobalSection(ProjectConfigurationPlatforms) = postSolution
		{E4CB35FC-DC87-4DE8-BBA2-4A75BEF6C41F}.Debug|Any CPU.ActiveCfg = Debug|Any CPU
		{E4CB35FC-DC87-4DE8-BBA2-4A75BEF6C41F}.Debug|Any CPU.Build.0 = Debug|Any CPU
		{E4CB35FC-DC87-4DE8-BBA2-4A75BEF6C41F}.Release|Any CPU.ActiveCfg = Release|Any CPU
		{E4CB35FC-DC87-4DE8-BBA2-4A75BEF6C41F}.Release|Any CPU.Build.0 = Release|Any CPU
	EndGlobalSection
	GlobalSection(SolutionProperties) = preSolution
		HideSolutionNode = FALSE
	EndGlobalSection
	GlobalSection(ExtensibilityGlobals) = postSolution
		SolutionGuid = {288220DD-E612-406C-B518-D8D6EEC632CE}
	EndGlobalSection
EndGlobal
